
Microsoft Visual Studio Solution File, Format Version 12.00
# Visual Studio 14
VisualStudioVersion = 14.0.25420.1
MinimumVisualStudioVersion = 10.0.40219.1
Project("{FAE04EC0-301F-11D3-BF4B-00C04F79EFBC}") = "ConsoleApplication1", "ConsoleApplication1\ConsoleApplication1.csproj", "{45E564BF-5CDB-4C66-8651-327081E29E69}"
EndProject
Project("{FAE04EC0-301F-11D3-BF4B-00C04F79EFBC}") = "Zlatov", "Zlatov\Zlatov.csproj", "{B61210E4-AF41-42A7-AC25-A482F5CA8828}"
EndProject
Global
	GlobalSection(SolutionConfigurationPlatforms) = preSolution
		Debug|Any CPU = Debug|Any CPU
		Release|Any CPU = Release|Any CPU
	EndGlobalSection
	GlobalSection(ProjectConfigurationPlatforms) = postSolution
		{45E564BF-5CDB-4C66-8651-327081E29E69}.Debug|Any CPU.ActiveCfg = Debug|Any CPU
		{45E564BF-5CDB-4C66-8651-327081E29E69}.Debug|Any CPU.Build.0 = Debug|Any CPU
		{45E564BF-5CDB-4C66-8651-327081E29E69}.Release|Any CPU.ActiveCfg = Release|Any CPU
		{45E564BF-5CDB-4C66-8651-327081E29E69}.Release|Any CPU.Build.0 = Release|Any CPU
		{B61210E4-AF41-42A7-AC25-A482F5CA8828}.Debug|Any CPU.ActiveCfg = Debug|Any CPU
		{B61210E4-AF41-42A7-AC25-A482F5CA8828}.Debug|Any CPU.Build.0 = Debug|Any CPU
		{B61210E4-AF41-42A7-AC25-A482F5CA8828}.Release|Any CPU.ActiveCfg = Release|Any CPU
		{B61210E4-AF41-42A7-AC25-A482F5CA8828}.Release|Any CPU.Build.0 = Release|Any CPU
	EndGlobalSection
	GlobalSection(SolutionProperties) = preSolution
		HideSolutionNode = FALSE
	EndGlobalSection
EndGlobal
